
Microsoft Visual Studio Solution File, Format Version 12.00
# Visual Studio Version 17
VisualStudioVersion = 17.4.33403.182
MinimumVisualStudioVersion = 10.0.40219.1
Project("{FAE04EC0-301F-11D3-BF4B-00C04F79EFBC}") = "MongoDB_Test", "MongoDB_Test.csproj", "{9A9B05D1-0801-4E3F-812F-2B9DED2ECF9B}"
EndProject
Global
	GlobalSection(SolutionConfigurationPlatforms) = preSolution
		Debug|Any CPU = Debug|Any CPU
		Release|Any CPU = Release|Any CPU
	EndGlobalSection
	GlobalSection(ProjectConfigurationPlatforms) = postSolution
		{9A9B05D1-0801-4E3F-812F-2B9DED2ECF9B}.Debug|Any CPU.ActiveCfg = Debug|Any CPU
		{9A9B05D1-0801-4E3F-812F-2B9DED2ECF9B}.Debug|Any CPU.Build.0 = Debug|Any CPU
		{9A9B05D1-0801-4E3F-812F-2B9DED2ECF9B}.Release|Any CPU.ActiveCfg = Release|Any CPU
		{9A9B05D1-0801-4E3F-812F-2B9DED2ECF9B}.Release|Any CPU.Build.0 = Release|Any CPU
	EndGlobalSection
	GlobalSection(SolutionProperties) = preSolution
		HideSolutionNode = FALSE
	EndGlobalSection
	GlobalSection(ExtensibilityGlobals) = postSolution
		SolutionGuid = {74EE229E-2ADF-46DB-B4A4-09719A7B801F}
	EndGlobalSection
EndGlobal
